
Microsoft Visual Studio Solution File, Format Version 12.00
# Visual Studio Version 16
VisualStudioVersion = 16.0.31613.86
MinimumVisualStudioVersion = 10.0.40219.1
Project("{FAE04EC0-301F-11D3-BF4B-00C04F79EFBC}") = "TAPU1_A3Eventos", "TAPU1_A3Eventos\TAPU1_A3Eventos.csproj", "{7BA4331D-2B2B-46A1-A77B-561A561AC0CD}"
EndProject
Global
	GlobalSection(SolutionConfigurationPlatforms) = preSolution
		Debug|Any CPU = Debug|Any CPU
		Release|Any CPU = Release|Any CPU
	EndGlobalSection
	GlobalSection(ProjectConfigurationPlatforms) = postSolution
		{7BA4331D-2B2B-46A1-A77B-561A561AC0CD}.Debug|Any CPU.ActiveCfg = Debug|Any CPU
		{7BA4331D-2B2B-46A1-A77B-561A561AC0CD}.Debug|Any CPU.Build.0 = Debug|Any CPU
		{7BA4331D-2B2B-46A1-A77B-561A561AC0CD}.Release|Any CPU.ActiveCfg = Release|Any CPU
		{7BA4331D-2B2B-46A1-A77B-561A561AC0CD}.Release|Any CPU.Build.0 = Release|Any CPU
	EndGlobalSection
	GlobalSection(SolutionProperties) = preSolution
		HideSolutionNode = FALSE
	EndGlobalSection
	GlobalSection(ExtensibilityGlobals) = postSolution
		SolutionGuid = {A6A6F955-C831-41D3-BD00-87502548F4E8}
	EndGlobalSection
EndGlobal
